
Microsoft Visual Studio Solution File, Format Version 12.00
# Visual Studio 14
VisualStudioVersion = 14.0.24720.0
MinimumVisualStudioVersion = 10.0.40219.1
Project("{2150E333-8FDC-42A3-9474-1A3956D46DE8}") = "Services", "Services", "{FBB40E33-A94C-48C7-B1BA-6F50E99E9D53}"
EndProject
Project("{FAE04EC0-301F-11D3-BF4B-00C04F79EFBC}") = "CMS.DistributionService.Host", "CMS.DistributionService.Host\CMS.DistributionService.Host.csproj", "{D9F68B83-3C63-4BA0-8A92-A9FCA6473049}"
EndProject
Project("{FAE04EC0-301F-11D3-BF4B-00C04F79EFBC}") = "CMS.DistributionService.Interface", "CMS.DistributionService.Interface\CMS.DistributionService.Interface.csproj", "{94139F1E-FC3E-4247-8622-39E7F2075027}"
EndProject
Project("{2150E333-8FDC-42A3-9474-1A3956D46DE8}") = "Models", "Models", "{9CC993D4-9632-4F77-9BAF-162CD81A53A1}"
EndProject
Project("{FAE04EC0-301F-11D3-BF4B-00C04F79EFBC}") = "CMS.Models.DTO", "CMS.Models.DTO\CMS.Models.DTO.csproj", "{1FCA1584-185B-469A-98C8-BBF6DF7F7150}"
EndProject
Project("{FAE04EC0-301F-11D3-BF4B-00C04F79EFBC}") = "CMS.Models.DB", "CMS.Models.DB\CMS.Models.DB.csproj", "{00F93550-A01B-4634-948B-D70C6839186B}"
EndProject
Project("{2150E333-8FDC-42A3-9474-1A3956D46DE8}") = "Database", "Database", "{03597CF2-6F15-40ED-8158-EF3EC375A8D4}"
EndProject
Project("{2150E333-8FDC-42A3-9474-1A3956D46DE8}") = "Tray", "Tray", "{8AF9DFAA-1C01-469D-B581-1A0A1FD62A4A}"
EndProject
Project("{FAE04EC0-301F-11D3-BF4B-00C04F79EFBC}") = "CMS.Tray.Main", "CMS.Tray.Main\CMS.Tray.Main.csproj", "{EFE0933C-AEB8-47C9-A6CB-023F3EF5118C}"
EndProject
Project("{2150E333-8FDC-42A3-9474-1A3956D46DE8}") = "Client", "Client", "{8168003E-C50B-4084-8281-57B01F42F136}"
EndProject
Project("{FAE04EC0-301F-11D3-BF4B-00C04F79EFBC}") = "CMS.Client", "CMS.Client\CMS.Client.csproj", "{20EF4ABD-AB93-4A7D-8278-70C555EA2C3D}"
EndProject
Project("{2150E333-8FDC-42A3-9474-1A3956D46DE8}") = "Solution Items", "Solution Items", "{96402A49-2F2B-4C37-9C23-BFF4778BD74F}"
	ProjectSection(SolutionItems) = preProject
		Solution Items\任务进度清单.xlsx = Solution Items\任务进度清单.xlsx
		Solution Items\说明.txt = Solution Items\说明.txt
	EndProjectSection
EndProject
Project("{FAE04EC0-301F-11D3-BF4B-00C04F79EFBC}") = "CMS.Database.Provider", "CMS.Database.Provider\CMS.Database.Provider.csproj", "{91A0FEEE-A5B3-4015-8141-CEED3D9EDEFF}"
EndProject
Project("{2150E333-8FDC-42A3-9474-1A3956D46DE8}") = "BusinessLayer", "BusinessLayer", "{C1786C9F-8D4B-4C3A-BF4A-FA98815661CB}"
EndProject
Project("{FAE04EC0-301F-11D3-BF4B-00C04F79EFBC}") = "CMS.Business.Interface", "CMS.Business.Interface\CMS.Business.Interface.csproj", "{F5FB2967-91C0-4FFD-9A1B-87B851554104}"
EndProject
Project("{FAE04EC0-301F-11D3-BF4B-00C04F79EFBC}") = "CMS.Business.Implemention", "CMS.Business.Implemention\CMS.Business.Implemention.csproj", "{ADEFED5F-49A8-4C12-AD15-B18C47BA9D9A}"
EndProject
Project("{FAE04EC0-301F-11D3-BF4B-00C04F79EFBC}") = "CMS.DistributionService.Implemention", "CMS.DistributionService.Implemention\CMS.DistributionService.Implemention.csproj", "{11ED5DAF-ACDE-46D8-8D1A-5B7438DB6D49}"
EndProject
Project("{2150E333-8FDC-42A3-9474-1A3956D46DE8}") = "UnitTest", "UnitTest", "{40FA872F-8067-4553-9498-3C1D81242F54}"
EndProject
Project("{FAE04EC0-301F-11D3-BF4B-00C04F79EFBC}") = "ServerTest", "ServerTest\ServerTest.csproj", "{131852ED-BA68-4BDB-BCC4-3755BEBF6695}"
EndProject
Project("{FAE04EC0-301F-11D3-BF4B-00C04F79EFBC}") = "CMS.Service.Proxy", "CMS.Service.Proxy\CMS.Service.Proxy.csproj", "{BE5D1CE9-625A-4C7F-9F80-DAC253339857}"
EndProject
Global
	GlobalSection(SolutionConfigurationPlatforms) = preSolution
		Debug|Any CPU = Debug|Any CPU
		Release|Any CPU = Release|Any CPU
	EndGlobalSection
	GlobalSection(ProjectConfigurationPlatforms) = postSolution
		{D9F68B83-3C63-4BA0-8A92-A9FCA6473049}.Debug|Any CPU.ActiveCfg = Debug|Any CPU
		{D9F68B83-3C63-4BA0-8A92-A9FCA6473049}.Debug|Any CPU.Build.0 = Debug|Any CPU
		{D9F68B83-3C63-4BA0-8A92-A9FCA6473049}.Release|Any CPU.ActiveCfg = Release|Any CPU
		{D9F68B83-3C63-4BA0-8A92-A9FCA6473049}.Release|Any CPU.Build.0 = Release|Any CPU
		{94139F1E-FC3E-4247-8622-39E7F2075027}.Debug|Any CPU.ActiveCfg = Debug|Any CPU
		{94139F1E-FC3E-4247-8622-39E7F2075027}.Debug|Any CPU.Build.0 = Debug|Any CPU
		{94139F1E-FC3E-4247-8622-39E7F2075027}.Release|Any CPU.ActiveCfg = Release|Any CPU
		{94139F1E-FC3E-4247-8622-39E7F2075027}.Release|Any CPU.Build.0 = Release|Any CPU
		{1FCA1584-185B-469A-98C8-BBF6DF7F7150}.Debug|Any CPU.ActiveCfg = Debug|Any CPU
		{1FCA1584-185B-469A-98C8-BBF6DF7F7150}.Debug|Any CPU.Build.0 = Debug|Any CPU
		{1FCA1584-185B-469A-98C8-BBF6DF7F7150}.Release|Any CPU.ActiveCfg = Release|Any CPU
		{1FCA1584-185B-469A-98C8-BBF6DF7F7150}.Release|Any CPU.Build.0 = Release|Any CPU
		{00F93550-A01B-4634-948B-D70C6839186B}.Debug|Any CPU.ActiveCfg = Debug|Any CPU
		{00F93550-A01B-4634-948B-D70C6839186B}.Debug|Any CPU.Build.0 = Debug|Any CPU
		{00F93550-A01B-4634-948B-D70C6839186B}.Release|Any CPU.ActiveCfg = Release|Any CPU
		{00F93550-A01B-4634-948B-D70C6839186B}.Release|Any CPU.Build.0 = Release|Any CPU
		{EFE0933C-AEB8-47C9-A6CB-023F3EF5118C}.Debug|Any CPU.ActiveCfg = Debug|Any CPU
		{EFE0933C-AEB8-47C9-A6CB-023F3EF5118C}.Debug|Any CPU.Build.0 = Debug|Any CPU
		{EFE0933C-AEB8-47C9-A6CB-023F3EF5118C}.Release|Any CPU.ActiveCfg = Release|Any CPU
		{EFE0933C-AEB8-47C9-A6CB-023F3EF5118C}.Release|Any CPU.Build.0 = Release|Any CPU
		{20EF4ABD-AB93-4A7D-8278-70C555EA2C3D}.Debug|Any CPU.ActiveCfg = Debug|Any CPU
		{20EF4ABD-AB93-4A7D-8278-70C555EA2C3D}.Debug|Any CPU.Build.0 = Debug|Any CPU
		{20EF4ABD-AB93-4A7D-8278-70C555EA2C3D}.Release|Any CPU.ActiveCfg = Release|Any CPU
		{20EF4ABD-AB93-4A7D-8278-70C555EA2C3D}.Release|Any CPU.Build.0 = Release|Any CPU
		{91A0FEEE-A5B3-4015-8141-CEED3D9EDEFF}.Debug|Any CPU.ActiveCfg = Debug|Any CPU
		{91A0FEEE-A5B3-4015-8141-CEED3D9EDEFF}.Debug|Any CPU.Build.0 = Debug|Any CPU
		{91A0FEEE-A5B3-4015-8141-CEED3D9EDEFF}.Release|Any CPU.ActiveCfg = Release|Any CPU
		{91A0FEEE-A5B3-4015-8141-CEED3D9EDEFF}.Release|Any CPU.Build.0 = Release|Any CPU
		{F5FB2967-91C0-4FFD-9A1B-87B851554104}.Debug|Any CPU.ActiveCfg = Debug|Any CPU
		{F5FB2967-91C0-4FFD-9A1B-87B851554104}.Debug|Any CPU.Build.0 = Debug|Any CPU
		{F5FB2967-91C0-4FFD-9A1B-87B851554104}.Release|Any CPU.ActiveCfg = Release|Any CPU
		{F5FB2967-91C0-4FFD-9A1B-87B851554104}.Release|Any CPU.Build.0 = Release|Any CPU
		{ADEFED5F-49A8-4C12-AD15-B18C47BA9D9A}.Debug|Any CPU.ActiveCfg = Debug|Any CPU
		{ADEFED5F-49A8-4C12-AD15-B18C47BA9D9A}.Debug|Any CPU.Build.0 = Debug|Any CPU
		{ADEFED5F-49A8-4C12-AD15-B18C47BA9D9A}.Release|Any CPU.ActiveCfg = Release|Any CPU
		{ADEFED5F-49A8-4C12-AD15-B18C47BA9D9A}.Release|Any CPU.Build.0 = Release|Any CPU
		{11ED5DAF-ACDE-46D8-8D1A-5B7438DB6D49}.Debug|Any CPU.ActiveCfg = Debug|Any CPU
		{11ED5DAF-ACDE-46D8-8D1A-5B7438DB6D49}.Debug|Any CPU.Build.0 = Debug|Any CPU
		{11ED5DAF-ACDE-46D8-8D1A-5B7438DB6D49}.Release|Any CPU.ActiveCfg = Release|Any CPU
		{11ED5DAF-ACDE-46D8-8D1A-5B7438DB6D49}.Release|Any CPU.Build.0 = Release|Any CPU
		{131852ED-BA68-4BDB-BCC4-3755BEBF6695}.Debug|Any CPU.ActiveCfg = Debug|Any CPU
		{131852ED-BA68-4BDB-BCC4-3755BEBF6695}.Debug|Any CPU.Build.0 = Debug|Any CPU
		{131852ED-BA68-4BDB-BCC4-3755BEBF6695}.Release|Any CPU.ActiveCfg = Release|Any CPU
		{131852ED-BA68-4BDB-BCC4-3755BEBF6695}.Release|Any CPU.Build.0 = Release|Any CPU
		{BE5D1CE9-625A-4C7F-9F80-DAC253339857}.Debug|Any CPU.ActiveCfg = Debug|Any CPU
		{BE5D1CE9-625A-4C7F-9F80-DAC253339857}.Debug|Any CPU.Build.0 = Debug|Any CPU
		{BE5D1CE9-625A-4C7F-9F80-DAC253339857}.Release|Any CPU.ActiveCfg = Release|Any CPU
		{BE5D1CE9-625A-4C7F-9F80-DAC253339857}.Release|Any CPU.Build.0 = Release|Any CPU
	EndGlobalSection
	GlobalSection(SolutionProperties) = preSolution
		HideSolutionNode = FALSE
	EndGlobalSection
	GlobalSection(NestedProjects) = preSolution
		{D9F68B83-3C63-4BA0-8A92-A9FCA6473049} = {FBB40E33-A94C-48C7-B1BA-6F50E99E9D53}
		{94139F1E-FC3E-4247-8622-39E7F2075027} = {FBB40E33-A94C-48C7-B1BA-6F50E99E9D53}
		{1FCA1584-185B-469A-98C8-BBF6DF7F7150} = {9CC993D4-9632-4F77-9BAF-162CD81A53A1}
		{00F93550-A01B-4634-948B-D70C6839186B} = {9CC993D4-9632-4F77-9BAF-162CD81A53A1}
		{EFE0933C-AEB8-47C9-A6CB-023F3EF5118C} = {8AF9DFAA-1C01-469D-B581-1A0A1FD62A4A}
		{20EF4ABD-AB93-4A7D-8278-70C555EA2C3D} = {8168003E-C50B-4084-8281-57B01F42F136}
		{91A0FEEE-A5B3-4015-8141-CEED3D9EDEFF} = {03597CF2-6F15-40ED-8158-EF3EC375A8D4}
		{F5FB2967-91C0-4FFD-9A1B-87B851554104} = {C1786C9F-8D4B-4C3A-BF4A-FA98815661CB}
		{ADEFED5F-49A8-4C12-AD15-B18C47BA9D9A} = {C1786C9F-8D4B-4C3A-BF4A-FA98815661CB}
		{11ED5DAF-ACDE-46D8-8D1A-5B7438DB6D49} = {FBB40E33-A94C-48C7-B1BA-6F50E99E9D53}
		{131852ED-BA68-4BDB-BCC4-3755BEBF6695} = {40FA872F-8067-4553-9498-3C1D81242F54}
		{BE5D1CE9-625A-4C7F-9F80-DAC253339857} = {8168003E-C50B-4084-8281-57B01F42F136}
	EndGlobalSection
EndGlobal
